
Microsoft Visual Studio Solution File, Format Version 12.00
# Visual Studio Version 16
VisualStudioVersion = 16.0.32929.386
MinimumVisualStudioVersion = 10.0.40219.1
Project("{FAE04EC0-301F-11D3-BF4B-00C04F79EFBC}") = "Mnogomer_mass", "Mnogomer_mass.csproj", "{EF6187C9-8EDC-4732-A362-339101EAFC3C}"
EndProject
Global
	GlobalSection(SolutionConfigurationPlatforms) = preSolution
		Debug|Any CPU = Debug|Any CPU
		Release|Any CPU = Release|Any CPU
	EndGlobalSection
	GlobalSection(ProjectConfigurationPlatforms) = postSolution
		{EF6187C9-8EDC-4732-A362-339101EAFC3C}.Debug|Any CPU.ActiveCfg = Debug|Any CPU
		{EF6187C9-8EDC-4732-A362-339101EAFC3C}.Debug|Any CPU.Build.0 = Debug|Any CPU
		{EF6187C9-8EDC-4732-A362-339101EAFC3C}.Release|Any CPU.ActiveCfg = Release|Any CPU
		{EF6187C9-8EDC-4732-A362-339101EAFC3C}.Release|Any CPU.Build.0 = Release|Any CPU
	EndGlobalSection
	GlobalSection(SolutionProperties) = preSolution
		HideSolutionNode = FALSE
	EndGlobalSection
	GlobalSection(ExtensibilityGlobals) = postSolution
		SolutionGuid = {5849ACB6-1994-4A28-867D-3BBBCB525C2D}
	EndGlobalSection
EndGlobal
